
Microsoft Visual Studio Solution File, Format Version 12.00
# Visual Studio Version 16
VisualStudioVersion = 16.0.30114.105
MinimumVisualStudioVersion = 10.0.40219.1
Project("{FAE04EC0-301F-11D3-BF4B-00C04F79EFBC}") = "AutoEjemploCurso", "AutoEjemploCurso\AutoEjemploCurso.csproj", "{5309E96A-374F-4F32-AE4E-B73A0FC39A53}"
EndProject
Global
	GlobalSection(SolutionConfigurationPlatforms) = preSolution
		Debug|Any CPU = Debug|Any CPU
		Release|Any CPU = Release|Any CPU
	EndGlobalSection
	GlobalSection(ProjectConfigurationPlatforms) = postSolution
		{5309E96A-374F-4F32-AE4E-B73A0FC39A53}.Debug|Any CPU.ActiveCfg = Debug|Any CPU
		{5309E96A-374F-4F32-AE4E-B73A0FC39A53}.Debug|Any CPU.Build.0 = Debug|Any CPU
		{5309E96A-374F-4F32-AE4E-B73A0FC39A53}.Release|Any CPU.ActiveCfg = Release|Any CPU
		{5309E96A-374F-4F32-AE4E-B73A0FC39A53}.Release|Any CPU.Build.0 = Release|Any CPU
	EndGlobalSection
	GlobalSection(SolutionProperties) = preSolution
		HideSolutionNode = FALSE
	EndGlobalSection
	GlobalSection(ExtensibilityGlobals) = postSolution
		SolutionGuid = {139DA354-C446-48A5-B459-67B4EF0E76D0}
	EndGlobalSection
EndGlobal
