
Microsoft Visual Studio Solution File, Format Version 12.00
# Visual Studio Version 16
VisualStudioVersion = 16.0.30320.27
MinimumVisualStudioVersion = 10.0.40219.1
Project("{FAE04EC0-301F-11D3-BF4B-00C04F79EFBC}") = "SisVentas", "SisVentas\SisVentas.csproj", "{F7D900D3-D4CC-45F7-AB0B-C57F1E669BD8}"
EndProject
Project("{FAE04EC0-301F-11D3-BF4B-00C04F79EFBC}") = "CapaDatos", "CapaDatos\CapaDatos.csproj", "{6EEE0B7E-1BD9-4F1E-A114-E193403AB754}"
EndProject
Project("{FAE04EC0-301F-11D3-BF4B-00C04F79EFBC}") = "CapaNegocios", "CapaNegocios\CapaNegocios.csproj", "{8F11A07C-6E16-4CAB-9858-65791D490089}"
EndProject
Project("{FAE04EC0-301F-11D3-BF4B-00C04F79EFBC}") = "CapaPresentacion", "CapaPresentacion\CapaPresentacion.csproj", "{58AA2FB0-C840-4B1A-8643-6D4C2A613F39}"
EndProject
Global
	GlobalSection(SolutionConfigurationPlatforms) = preSolution
		Debug|Any CPU = Debug|Any CPU
		Release|Any CPU = Release|Any CPU
	EndGlobalSection
	GlobalSection(ProjectConfigurationPlatforms) = postSolution
		{F7D900D3-D4CC-45F7-AB0B-C57F1E669BD8}.Debug|Any CPU.ActiveCfg = Debug|Any CPU
		{F7D900D3-D4CC-45F7-AB0B-C57F1E669BD8}.Debug|Any CPU.Build.0 = Debug|Any CPU
		{F7D900D3-D4CC-45F7-AB0B-C57F1E669BD8}.Release|Any CPU.ActiveCfg = Release|Any CPU
		{F7D900D3-D4CC-45F7-AB0B-C57F1E669BD8}.Release|Any CPU.Build.0 = Release|Any CPU
		{6EEE0B7E-1BD9-4F1E-A114-E193403AB754}.Debug|Any CPU.ActiveCfg = Debug|Any CPU
		{6EEE0B7E-1BD9-4F1E-A114-E193403AB754}.Debug|Any CPU.Build.0 = Debug|Any CPU
		{6EEE0B7E-1BD9-4F1E-A114-E193403AB754}.Release|Any CPU.ActiveCfg = Release|Any CPU
		{6EEE0B7E-1BD9-4F1E-A114-E193403AB754}.Release|Any CPU.Build.0 = Release|Any CPU
		{8F11A07C-6E16-4CAB-9858-65791D490089}.Debug|Any CPU.ActiveCfg = Debug|Any CPU
		{8F11A07C-6E16-4CAB-9858-65791D490089}.Debug|Any CPU.Build.0 = Debug|Any CPU
		{8F11A07C-6E16-4CAB-9858-65791D490089}.Release|Any CPU.ActiveCfg = Release|Any CPU
		{8F11A07C-6E16-4CAB-9858-65791D490089}.Release|Any CPU.Build.0 = Release|Any CPU
		{58AA2FB0-C840-4B1A-8643-6D4C2A613F39}.Debug|Any CPU.ActiveCfg = Debug|Any CPU
		{58AA2FB0-C840-4B1A-8643-6D4C2A613F39}.Debug|Any CPU.Build.0 = Debug|Any CPU
		{58AA2FB0-C840-4B1A-8643-6D4C2A613F39}.Release|Any CPU.ActiveCfg = Release|Any CPU
		{58AA2FB0-C840-4B1A-8643-6D4C2A613F39}.Release|Any CPU.Build.0 = Release|Any CPU
	EndGlobalSection
	GlobalSection(SolutionProperties) = preSolution
		HideSolutionNode = FALSE
	EndGlobalSection
	GlobalSection(ExtensibilityGlobals) = postSolution
		SolutionGuid = {E7A378A2-BEF1-43B3-8D26-9436582B05FC}
	EndGlobalSection
EndGlobal
