
Microsoft Visual Studio Solution File, Format Version 12.00
# Visual Studio Version 16
VisualStudioVersion = 16.0.30320.27
MinimumVisualStudioVersion = 10.0.40219.1
Project("{FAE04EC0-301F-11D3-BF4B-00C04F79EFBC}") = "Animales", "Animales\Animales.csproj", "{1FE70A02-1705-4326-BAB8-64B02EC2C2EA}"
EndProject
Global
	GlobalSection(SolutionConfigurationPlatforms) = preSolution
		Debug|Any CPU = Debug|Any CPU
		Release|Any CPU = Release|Any CPU
	EndGlobalSection
	GlobalSection(ProjectConfigurationPlatforms) = postSolution
		{1FE70A02-1705-4326-BAB8-64B02EC2C2EA}.Debug|Any CPU.ActiveCfg = Debug|Any CPU
		{1FE70A02-1705-4326-BAB8-64B02EC2C2EA}.Debug|Any CPU.Build.0 = Debug|Any CPU
		{1FE70A02-1705-4326-BAB8-64B02EC2C2EA}.Release|Any CPU.ActiveCfg = Release|Any CPU
		{1FE70A02-1705-4326-BAB8-64B02EC2C2EA}.Release|Any CPU.Build.0 = Release|Any CPU
	EndGlobalSection
	GlobalSection(SolutionProperties) = preSolution
		HideSolutionNode = FALSE
	EndGlobalSection
	GlobalSection(ExtensibilityGlobals) = postSolution
		SolutionGuid = {4BD40568-322E-4ECA-9B29-67C1CBE7347A}
	EndGlobalSection
EndGlobal
