
Microsoft Visual Studio Solution File, Format Version 12.00
# Visual Studio Version 16
VisualStudioVersion = 16.0.30225.117
MinimumVisualStudioVersion = 10.0.40219.1
Project("{FAE04EC0-301F-11D3-BF4B-00C04F79EFBC}") = "UTN_Empresa_FormApp", "UTN_Empresa_FormApp\UTN_Empresa_FormApp.csproj", "{05429EA6-6F29-4FB7-B0BB-A17D3505A424}"
EndProject
Global
	GlobalSection(SolutionConfigurationPlatforms) = preSolution
		Debug|Any CPU = Debug|Any CPU
		Release|Any CPU = Release|Any CPU
	EndGlobalSection
	GlobalSection(ProjectConfigurationPlatforms) = postSolution
		{05429EA6-6F29-4FB7-B0BB-A17D3505A424}.Debug|Any CPU.ActiveCfg = Debug|Any CPU
		{05429EA6-6F29-4FB7-B0BB-A17D3505A424}.Debug|Any CPU.Build.0 = Debug|Any CPU
		{05429EA6-6F29-4FB7-B0BB-A17D3505A424}.Release|Any CPU.ActiveCfg = Release|Any CPU
		{05429EA6-6F29-4FB7-B0BB-A17D3505A424}.Release|Any CPU.Build.0 = Release|Any CPU
	EndGlobalSection
	GlobalSection(SolutionProperties) = preSolution
		HideSolutionNode = FALSE
	EndGlobalSection
	GlobalSection(ExtensibilityGlobals) = postSolution
		SolutionGuid = {40EF85C3-6D32-4C61-AA2B-A26B79DCE934}
	EndGlobalSection
EndGlobal
