
Microsoft Visual Studio Solution File, Format Version 12.00
# Visual Studio Version 16
VisualStudioVersion = 16.0.30320.27
MinimumVisualStudioVersion = 10.0.40219.1
Project("{FAE04EC0-301F-11D3-BF4B-00C04F79EFBC}") = "EF", "EF\EF.csproj", "{64F4951E-0F8E-4741-A8EC-3032C7B22F8F}"
EndProject
Global
	GlobalSection(SolutionConfigurationPlatforms) = preSolution
		Debug|Any CPU = Debug|Any CPU
		Release|Any CPU = Release|Any CPU
	EndGlobalSection
	GlobalSection(ProjectConfigurationPlatforms) = postSolution
		{64F4951E-0F8E-4741-A8EC-3032C7B22F8F}.Debug|Any CPU.ActiveCfg = Debug|Any CPU
		{64F4951E-0F8E-4741-A8EC-3032C7B22F8F}.Debug|Any CPU.Build.0 = Debug|Any CPU
		{64F4951E-0F8E-4741-A8EC-3032C7B22F8F}.Release|Any CPU.ActiveCfg = Release|Any CPU
		{64F4951E-0F8E-4741-A8EC-3032C7B22F8F}.Release|Any CPU.Build.0 = Release|Any CPU
	EndGlobalSection
	GlobalSection(SolutionProperties) = preSolution
		HideSolutionNode = FALSE
	EndGlobalSection
	GlobalSection(ExtensibilityGlobals) = postSolution
		SolutionGuid = {C308463A-781B-4C76-8DB8-A5D13444272D}
	EndGlobalSection
EndGlobal
