
Microsoft Visual Studio Solution File, Format Version 12.00
# Visual Studio Version 16
VisualStudioVersion = 16.0.30114.105
MinimumVisualStudioVersion = 10.0.40219.1
Project("{FAE04EC0-301F-11D3-BF4B-00C04F79EFBC}") = "EjercicioTutorial", "EjercicioTutorial\EjercicioTutorial.csproj", "{223E60B7-E902-4B6F-AB5A-F9D9E73B94A3}"
EndProject
Global
	GlobalSection(SolutionConfigurationPlatforms) = preSolution
		Debug|Any CPU = Debug|Any CPU
		Release|Any CPU = Release|Any CPU
	EndGlobalSection
	GlobalSection(ProjectConfigurationPlatforms) = postSolution
		{223E60B7-E902-4B6F-AB5A-F9D9E73B94A3}.Debug|Any CPU.ActiveCfg = Debug|Any CPU
		{223E60B7-E902-4B6F-AB5A-F9D9E73B94A3}.Debug|Any CPU.Build.0 = Debug|Any CPU
		{223E60B7-E902-4B6F-AB5A-F9D9E73B94A3}.Release|Any CPU.ActiveCfg = Release|Any CPU
		{223E60B7-E902-4B6F-AB5A-F9D9E73B94A3}.Release|Any CPU.Build.0 = Release|Any CPU
	EndGlobalSection
	GlobalSection(SolutionProperties) = preSolution
		HideSolutionNode = FALSE
	EndGlobalSection
	GlobalSection(ExtensibilityGlobals) = postSolution
		SolutionGuid = {D69E784D-0679-4A60-BD9E-0C2803F8FDFE}
	EndGlobalSection
EndGlobal
