
Microsoft Visual Studio Solution File, Format Version 12.00
# Visual Studio Version 16
VisualStudioVersion = 16.0.30114.105
MinimumVisualStudioVersion = 10.0.40219.1
Project("{FAE04EC0-301F-11D3-BF4B-00C04F79EFBC}") = "clima", "clima\clima.csproj", "{BE21F0E6-D5A3-498C-AFB8-F8A91281CF53}"
EndProject
Global
	GlobalSection(SolutionConfigurationPlatforms) = preSolution
		Debug|Any CPU = Debug|Any CPU
		Release|Any CPU = Release|Any CPU
	EndGlobalSection
	GlobalSection(ProjectConfigurationPlatforms) = postSolution
		{BE21F0E6-D5A3-498C-AFB8-F8A91281CF53}.Debug|Any CPU.ActiveCfg = Debug|Any CPU
		{BE21F0E6-D5A3-498C-AFB8-F8A91281CF53}.Debug|Any CPU.Build.0 = Debug|Any CPU
		{BE21F0E6-D5A3-498C-AFB8-F8A91281CF53}.Release|Any CPU.ActiveCfg = Release|Any CPU
		{BE21F0E6-D5A3-498C-AFB8-F8A91281CF53}.Release|Any CPU.Build.0 = Release|Any CPU
	EndGlobalSection
	GlobalSection(SolutionProperties) = preSolution
		HideSolutionNode = FALSE
	EndGlobalSection
	GlobalSection(ExtensibilityGlobals) = postSolution
		SolutionGuid = {086F8544-C9F2-4A5A-B300-E1CDA7E7853B}
	EndGlobalSection
EndGlobal
